
Microsoft Visual Studio Solution File, Format Version 12.00
# Visual Studio Version 17
VisualStudioVersion = 17.2.32526.322
MinimumVisualStudioVersion = 10.0.40219.1
Project("{FAE04EC0-301F-11D3-BF4B-00C04F79EFBC}") = "MethodOverLoading", "MethodOverLoading\MethodOverLoading.csproj", "{B7A87E2E-931E-4B0A-A567-1878D4EB8617}"
EndProject
Global
	GlobalSection(SolutionConfigurationPlatforms) = preSolution
		Debug|Any CPU = Debug|Any CPU
		Release|Any CPU = Release|Any CPU
	EndGlobalSection
	GlobalSection(ProjectConfigurationPlatforms) = postSolution
		{B7A87E2E-931E-4B0A-A567-1878D4EB8617}.Debug|Any CPU.ActiveCfg = Debug|Any CPU
		{B7A87E2E-931E-4B0A-A567-1878D4EB8617}.Debug|Any CPU.Build.0 = Debug|Any CPU
		{B7A87E2E-931E-4B0A-A567-1878D4EB8617}.Release|Any CPU.ActiveCfg = Release|Any CPU
		{B7A87E2E-931E-4B0A-A567-1878D4EB8617}.Release|Any CPU.Build.0 = Release|Any CPU
	EndGlobalSection
	GlobalSection(SolutionProperties) = preSolution
		HideSolutionNode = FALSE
	EndGlobalSection
	GlobalSection(ExtensibilityGlobals) = postSolution
		SolutionGuid = {38946016-08B1-4934-BEF1-032D2C4AE059}
	EndGlobalSection
EndGlobal
